// !$*UTF8*$!
{
	archiveVersion = 1;
	classes = {
	};
	objectVersion = 50;
	objects = {

/* Begin PBXBuildFile section */
		F7C437A122809ACE00EF682D /* Article.swift in Sources */ = {isa = PBXBuildFile; fileRef = F7C437A022809ACE00EF682D /* Article.swift */; };
		F7FBBF752272021400B9EEC6 /* AppDelegate.swift in Sources */ = {isa = PBXBuildFile; fileRef = F7FBBF742272021400B9EEC6 /* AppDelegate.swift */; };
		F7FBBF772272021400B9EEC6 /* ViewController.swift in Sources */ = {isa = PBXBuildFile; fileRef = F7FBBF762272021400B9EEC6 /* ViewController.swift */; };
		F7FBBF7A2272021400B9EEC6 /* Main.storyboard in Resources */ = {isa = PBXBuildFile; fileRef = F7FBBF782272021400B9EEC6 /* Main.storyboard */; };
		F7FBBF7C2272021500B9EEC6 /* Assets.xcassets in Resources */ = {isa = PBXBuildFile; fileRef = F7FBBF7B2272021500B9EEC6 /* Assets.xcassets */; };
		F7FBBF7F2272021500B9EEC6 /* LaunchScreen.storyboard in Resources */ = {isa = PBXBuildFile; fileRef = F7FBBF7D2272021500B9EEC6 /* LaunchScreen.storyboard */; };
		F7FBBF8A2272021500B9EEC6 /* CarritoTests.swift in Sources */ = {isa = PBXBuildFile; fileRef = F7FBBF892272021500B9EEC6 /* CarritoTests.swift */; };
		F7FBBF952272021500B9EEC6 /* CarritoUITests.swift in Sources */ = {isa = PBXBuildFile; fileRef = F7FBBF942272021500B9EEC6 /* CarritoUITests.swift */; };
/* End PBXBuildFile section */

/* Begin PBXContainerItemProxy section */
		F7FBBF862272021500B9EEC6 /* PBXContainerItemProxy */ = {
			isa = PBXContainerItemProxy;
			containerPortal = F7FBBF692272021400B9EEC6 /* Project object */;
			proxyType = 1;
			remoteGlobalIDString = F7FBBF702272021400B9EEC6;
			remoteInfo = Carrito;
		};
		F7FBBF912272021500B9EEC6 /* PBXContainerItemProxy */ = {
			isa = PBXContainerItemProxy;
			containerPortal = F7FBBF692272021400B9EEC6 /* Project object */;
			proxyType = 1;
			remoteGlobalIDString = F7FBBF702272021400B9EEC6;
			remoteInfo = Carrito;
		};
/* End PBXContainerItemProxy section */

/* Begin PBXFileReference section */
		F7C437A022809ACE00EF682D /* Article.swift */ = {isa = PBXFileReference; lastKnownFileType = sourcecode.swift; path = Article.swift; sourceTree = "<group>"; };
		F7FBBF712272021400B9EEC6 /* Carrito.app */ = {isa = PBXFileReference; explicitFileType = wrapper.application; includeInIndex = 0; path = Carrito.app; sourceTree = BUILT_PRODUCTS_DIR; };
		F7FBBF742272021400B9EEC6 /* AppDelegate.swift */ = {isa = PBXFileReference; lastKnownFileType = sourcecode.swift; path = AppDelegate.swift; sourceTree = "<group>"; };
		F7FBBF762272021400B9EEC6 /* ViewController.swift */ = {isa = PBXFileReference; lastKnownFileType = sourcecode.swift; path = ViewController.swift; sourceTree = "<group>"; };
		F7FBBF792272021400B9EEC6 /* Base */ = {isa = PBXFileReference; lastKnownFileType = file.storyboard; name = Base; path = Base.lproj/Main.storyboard; sourceTree = "<group>"; };
		F7FBBF7B2272021500B9EEC6 /* Assets.xcassets */ = {isa = PBXFileReference; lastKnownFileType = folder.assetcatalog; path = Assets.xcassets; sourceTree = "<group>"; };
		F7FBBF7E2272021500B9EEC6 /* Base */ = {isa = PBXFileReference; lastKnownFileType = file.storyboard; name = Base; path = Base.lproj/LaunchScreen.storyboard; sourceTree = "<group>"; };
		F7FBBF802272021500B9EEC6 /* Info.plist */ = {isa = PBXFileReference; lastKnownFileType = text.plist.xml; path = Info.plist; sourceTree = "<group>"; };
		F7FBBF852272021500B9EEC6 /* CarritoTests.xctest */ = {isa = PBXFileReference; explicitFileType = wrapper.cfbundle; includeInIndex = 0; path = CarritoTests.xctest; sourceTree = BUILT_PRODUCTS_DIR; };
		F7FBBF892272021500B9EEC6 /* CarritoTests.swift */ = {isa = PBXFileReference; lastKnownFileType = sourcecode.swift; path = CarritoTests.swift; sourceTree = "<group>"; };
		F7FBBF8B2272021500B9EEC6 /* Info.plist */ = {isa = PBXFileReference; lastKnownFileType = text.plist.xml; path = Info.plist; sourceTree = "<group>"; };
		F7FBBF902272021500B9EEC6 /* CarritoUITests.xctest */ = {isa = PBXFileReference; explicitFileType = wrapper.cfbundle; includeInIndex = 0; path = CarritoUITests.xctest; sourceTree = BUILT_PRODUCTS_DIR; };
		F7FBBF942272021500B9EEC6 /* CarritoUITests.swift */ = {isa = PBXFileReference; lastKnownFileType = sourcecode.swift; path = CarritoUITests.swift; sourceTree = "<group>"; };
		F7FBBF962272021500B9EEC6 /* Info.plist */ = {isa = PBXFileReference; lastKnownFileType = text.plist.xml; path = Info.plist; sourceTree = "<group>"; };
/* End PBXFileReference section */

/* Begin PBXFrameworksBuildPhase section */
		F7FBBF6E2272021400B9EEC6 /* Frameworks */ = {
			isa = PBXFrameworksBuildPhase;
			buildActionMask = 2147483647;
			files = (
			);
			runOnlyForDeploymentPostprocessing = 0;
		};
		F7FBBF822272021500B9EEC6 /* Frameworks */ = {
			isa = PBXFrameworksBuildPhase;
			buildActionMask = 2147483647;
			files = (
			);
			runOnlyForDeploymentPostprocessing = 0;
		};
		F7FBBF8D2272021500B9EEC6 /* Frameworks */ = {
			isa = PBXFrameworksBuildPhase;
			buildActionMask = 2147483647;
			files = (
			);
			runOnlyForDeploymentPostprocessing = 0;
		};
/* End PBXFrameworksBuildPhase section */

/* Begin PBXGroup section */
		F7C4379F22809AA700EF682D /* Model */ = {
			isa = PBXGroup;
			children = (
				F7C437A022809ACE00EF682D /* Article.swift */,
			);
			path = Model;
			sourceTree = "<group>";
		};
		F7FBBF682272021400B9EEC6 = {
			isa = PBXGroup;
			children = (
				F7C4379F22809AA700EF682D /* Model */,
				F7FBBF732272021400B9EEC6 /* Carrito */,
				F7FBBF882272021500B9EEC6 /* CarritoTests */,
				F7FBBF932272021500B9EEC6 /* CarritoUITests */,
				F7FBBF722272021400B9EEC6 /* Products */,
			);
			sourceTree = "<group>";
		};
		F7FBBF722272021400B9EEC6 /* Products */ = {
			isa = PBXGroup;
			children = (
				F7FBBF712272021400B9EEC6 /* Carrito.app */,
				F7FBBF852272021500B9EEC6 /* CarritoTests.xctest */,
				F7FBBF902272021500B9EEC6 /* CarritoUITests.xctest */,
			);
			name = Products;
			sourceTree = "<group>";
		};
		F7FBBF732272021400B9EEC6 /* Carrito */ = {
			isa = PBXGroup;
			children = (
				F7FBBF742272021400B9EEC6 /* AppDelegate.swift */,
				F7FBBF762272021400B9EEC6 /* ViewController.swift */,
				F7FBBF782272021400B9EEC6 /* Main.storyboard */,
				F7FBBF7B2272021500B9EEC6 /* Assets.xcassets */,
				F7FBBF7D2272021500B9EEC6 /* LaunchScreen.storyboard */,
				F7FBBF802272021500B9EEC6 /* Info.plist */,
			);
			path = Carrito;
			sourceTree = "<group>";
		};
		F7FBBF882272021500B9EEC6 /* CarritoTests */ = {
			isa = PBXGroup;
			children = (
				F7FBBF892272021500B9EEC6 /* CarritoTests.swift */,
				F7FBBF8B2272021500B9EEC6 /* Info.plist */,
			);
			path = CarritoTests;
			sourceTree = "<group>";
		};
		F7FBBF932272021500B9EEC6 /* CarritoUITests */ = {
			isa = PBXGroup;
			children = (
				F7FBBF942272021500B9EEC6 /* CarritoUITests.swift */,
				F7FBBF962272021500B9EEC6 /* Info.plist */,
			);
			path = CarritoUITests;
			sourceTree = "<group>";
		};
/* End PBXGroup section */

/* Begin PBXNativeTarget section */
		F7FBBF702272021400B9EEC6 /* Carrito */ = {
			isa = PBXNativeTarget;
			buildConfigurationList = F7FBBF992272021500B9EEC6 /* Build configuration list for PBXNativeTarget "Carrito" */;
			buildPhases = (
				F7FBBF6D2272021400B9EEC6 /* Sources */,
				F7FBBF6E2272021400B9EEC6 /* Frameworks */,
				F7FBBF6F2272021400B9EEC6 /* Resources */,
			);
			buildRules = (
			);
			dependencies = (
			);
			name = Carrito;
			productName = Carrito;
			productReference = F7FBBF712272021400B9EEC6 /* Carrito.app */;
			productType = "com.apple.product-type.application";
		};
		F7FBBF842272021500B9EEC6 /* CarritoTests */ = {
			isa = PBXNativeTarget;
			buildConfigurationList = F7FBBF9C2272021500B9EEC6 /* Build configuration list for PBXNativeTarget "CarritoTests" */;
			buildPhases = (
				F7FBBF812272021500B9EEC6 /* Sources */,
				F7FBBF822272021500B9EEC6 /* Frameworks */,
				F7FBBF832272021500B9EEC6 /* Resources */,
			);
			buildRules = (
			);
			dependencies = (
				F7FBBF872272021500B9EEC6 /* PBXTargetDependency */,
			);
			name = CarritoTests;
			productName = CarritoTests;
			productReference = F7FBBF852272021500B9EEC6 /* CarritoTests.xctest */;
			productType = "com.apple.product-type.bundle.unit-test";
		};
		F7FBBF8F2272021500B9EEC6 /* CarritoUITests */ = {
			isa = PBXNativeTarget;
			buildConfigurationList = F7FBBF9F2272021500B9EEC6 /* Build configuration list for PBXNativeTarget "CarritoUITests" */;
			buildPhases = (
				F7FBBF8C2272021500B9EEC6 /* Sources */,
				F7FBBF8D2272021500B9EEC6 /* Frameworks */,
				F7FBBF8E2272021500B9EEC6 /* Resources */,
			);
			buildRules = (
			);
			dependencies = (
				F7FBBF922272021500B9EEC6 /* PBXTargetDependency */,
			);
			name = CarritoUITests;
			productName = CarritoUITests;
			productReference = F7FBBF902272021500B9EEC6 /* CarritoUITests.xctest */;
			productType = "com.apple.product-type.bundle.ui-testing";
		};
/* End PBXNativeTarget section */

/* Begin PBXProject section */
		F7FBBF692272021400B9EEC6 /* Project object */ = {
			isa = PBXProject;
			attributes = {
				LastSwiftUpdateCheck = 1010;
				LastUpgradeCheck = 1010;
				ORGANIZATIONNAME = "José Antonio Arellano Mendoza";
				TargetAttributes = {
					F7FBBF702272021400B9EEC6 = {
						CreatedOnToolsVersion = 10.1;
					};
					F7FBBF842272021500B9EEC6 = {
						CreatedOnToolsVersion = 10.1;
						TestTargetID = F7FBBF702272021400B9EEC6;
					};
					F7FBBF8F2272021500B9EEC6 = {
						CreatedOnToolsVersion = 10.1;
						TestTargetID = F7FBBF702272021400B9EEC6;
					};
				};
			};
			buildConfigurationList = F7FBBF6C2272021400B9EEC6 /* Build configuration list for PBXProject "Carrito" */;
			compatibilityVersion = "Xcode 9.3";
			developmentRegion = en;
			hasScannedForEncodings = 0;
			knownRegions = (
				en,
				Base,
			);
			mainGroup = F7FBBF682272021400B9EEC6;
			productRefGroup = F7FBBF722272021400B9EEC6 /* Products */;
			projectDirPath = "";
			projectRoot = "";
			targets = (
				F7FBBF702272021400B9EEC6 /* Carrito */,
				F7FBBF842272021500B9EEC6 /* CarritoTests */,
				F7FBBF8F2272021500B9EEC6 /* CarritoUITests */,
			);
		};
/* End PBXProject section */

/* Begin PBXResourcesBuildPhase section */
		F7FBBF6F2272021400B9EEC6 /* Resources */ = {
			isa = PBXResourcesBuildPhase;
			buildActionMask = 2147483647;
			files = (
				F7FBBF7F2272021500B9EEC6 /* LaunchScreen.storyboard in Resources */,
				F7FBBF7C2272021500B9EEC6 /* Assets.xcassets in Resources */,
				F7FBBF7A2272021400B9EEC6 /* Main.storyboard in Resources */,
			);
			runOnlyForDeploymentPostprocessing = 0;
		};
		F7FBBF832272021500B9EEC6 /* Resources */ = {
			isa = PBXResourcesBuildPhase;
			buildActionMask = 2147483647;
			files = (
			);
			runOnlyForDeploymentPostprocessing = 0;
		};
		F7FBBF8E2272021500B9EEC6 /* Resources */ = {
			isa = PBXResourcesBuildPhase;
			buildActionMask = 2147483647;
			files = (
			);
			runOnlyForDeploymentPostprocessing = 0;
		};
/* End PBXResourcesBuildPhase section */

/* Begin PBXSourcesBuildPhase section */
		F7FBBF6D2272021400B9EEC6 /* Sources */ = {
			isa = PBXSourcesBuildPhase;
			buildActionMask = 2147483647;
			files = (
				F7FBBF772272021400B9EEC6 /* ViewController.swift in Sources */,
				F7FBBF752272021400B9EEC6 /* AppDelegate.swift in Sources */,
				F7C437A122809ACE00EF682D /* Article.swift in Sources */,
			);
			runOnlyForDeploymentPostprocessing = 0;
		};
		F7FBBF812272021500B9EEC6 /* Sources */ = {
			isa = PBXSourcesBuildPhase;
			buildActionMask = 2147483647;
			files = (
				F7FBBF8A2272021500B9EEC6 /* CarritoTests.swift in Sources */,
			);
			runOnlyForDeploymentPostprocessing = 0;
		};
		F7FBBF8C2272021500B9EEC6 /* Sources */ = {
			isa = PBXSourcesBuildPhase;
			buildActionMask = 2147483647;
			files = (
				F7FBBF952272021500B9EEC6 /* CarritoUITests.swift in Sources */,
			);
			runOnlyForDeploymentPostprocessing = 0;
		};
/* End PBXSourcesBuildPhase section */

/* Begin PBXTargetDependency section */
		F7FBBF872272021500B9EEC6 /* PBXTargetDependency */ = {
			isa = PBXTargetDependency;
			target = F7FBBF702272021400B9EEC6 /* Carrito */;
			targetProxy = F7FBBF862272021500B9EEC6 /* PBXContainerItemProxy */;
		};
		F7FBBF922272021500B9EEC6 /* PBXTargetDependency */ = {
			isa = PBXTargetDependency;
			target = F7FBBF702272021400B9EEC6 /* Carrito */;
			targetProxy = F7FBBF912272021500B9EEC6 /* PBXContainerItemProxy */;
		};
/* End PBXTargetDependency section */

/* Begin PBXVariantGroup section */
		F7FBBF782272021400B9EEC6 /* Main.storyboard */ = {
			isa = PBXVariantGroup;
			children = (
				F7FBBF792272021400B9EEC6 /* Base */,
			);
			name = Main.storyboard;
			sourceTree = "<group>";
		};
		F7FBBF7D2272021500B9EEC6 /* LaunchScreen.storyboard */ = {
			isa = PBXVariantGroup;
			children = (
				F7FBBF7E2272021500B9EEC6 /* Base */,
			);
			name = LaunchScreen.storyboard;
			sourceTree = "<group>";
		};
/* End PBXVariantGroup section */

/* Begin XCBuildConfiguration section */
		F7FBBF972272021500B9EEC6 /* Debug */ = {
			isa = XCBuildConfiguration;
			buildSettings = {
				ALWAYS_SEARCH_USER_PATHS = NO;
				CLANG_ANALYZER_NONNULL = YES;
				CLANG_ANALYZER_NUMBER_OBJECT_CONVERSION = YES_AGGRESSIVE;
				CLANG_CXX_LANGUAGE_STANDARD = "gnu++14";
				CLANG_CXX_LIBRARY = "libc++";
				CLANG_ENABLE_MODULES = YES;
				CLANG_ENABLE_OBJC_ARC = YES;
				CLANG_ENABLE_OBJC_WEAK = YES;
				CLANG_WARN_BLOCK_CAPTURE_AUTORELEASING = YES;
				CLANG_WARN_BOOL_CONVERSION = YES;
				CLANG_WARN_COMMA = YES;
				CLANG_WARN_CONSTANT_CONVERSION = YES;
				CLANG_WARN_DEPRECATED_OBJC_IMPLEMENTATIONS = YES;
				CLANG_WARN_DIRECT_OBJC_ISA_USAGE = YES_ERROR;
				CLANG_WARN_DOCUMENTATION_COMMENTS = YES;
				CLANG_WARN_EMPTY_BODY = YES;
				CLANG_WARN_ENUM_CONVERSION = YES;
				CLANG_WARN_INFINITE_RECURSION = YES;
				CLANG_WARN_INT_CONVERSION = YES;
				CLANG_WARN_NON_LITERAL_NULL_CONVERSION = YES;
				CLANG_WARN_OBJC_IMPLICIT_RETAIN_SELF = YES;
				CLANG_WARN_OBJC_LITERAL_CONVERSION = YES;
				CLANG_WARN_OBJC_ROOT_CLASS = YES_ERROR;
				CLANG_WARN_RANGE_LOOP_ANALYSIS = YES;
				CLANG_WARN_STRICT_PROTOTYPES = YES;
				CLANG_WARN_SUSPICIOUS_MOVE = YES;
				CLANG_WARN_UNGUARDED_AVAILABILITY = YES_AGGRESSIVE;
				CLANG_WARN_UNREACHABLE_CODE = YES;
				CLANG_WARN__DUPLICATE_METHOD_MATCH = YES;
				CODE_SIGN_IDENTITY = "iPhone Developer";
				COPY_PHASE_STRIP = NO;
				DEBUG_INFORMATION_FORMAT = dwarf;
				ENABLE_STRICT_OBJC_MSGSEND = YES;
				ENABLE_TESTABILITY = YES;
				GCC_C_LANGUAGE_STANDARD = gnu11;
				GCC_DYNAMIC_NO_PIC = NO;
				GCC_NO_COMMON_BLOCKS = YES;
				GCC_OPTIMIZATION_LEVEL = 0;
				GCC_PREPROCESSOR_DEFINITIONS = (
					"DEBUG=1",
					"$(inherited)",
				);
				GCC_WARN_64_TO_32_BIT_CONVERSION = YES;
				GCC_WARN_ABOUT_RETURN_TYPE = YES_ERROR;
				GCC_WARN_UNDECLARED_SELECTOR = YES;
				GCC_WARN_UNINITIALIZED_AUTOS = YES_AGGRESSIVE;
				GCC_WARN_UNUSED_FUNCTION = YES;
				GCC_WARN_UNUSED_VARIABLE = YES;
				IPHONEOS_DEPLOYMENT_TARGET = 12.1;
				MTL_ENABLE_DEBUG_INFO = INCLUDE_SOURCE;
				MTL_FAST_MATH = YES;
				ONLY_ACTIVE_ARCH = YES;
				SDKROOT = iphoneos;
				SWIFT_ACTIVE_COMPILATION_CONDITIONS = DEBUG;
				SWIFT_OPTIMIZATION_LEVEL = "-Onone";
			};
			name = Debug;
		};
		F7FBBF982272021500B9EEC6 /* Release */ = {
			isa = XCBuildConfiguration;
			buildSettings = {
				ALWAYS_SEARCH_USER_PATHS = NO;
				CLANG_ANALYZER_NONNULL = YES;
				CLANG_ANALYZER_NUMBER_OBJECT_CONVERSION = YES_AGGRESSIVE;
				CLANG_CXX_LANGUAGE_STANDARD = "gnu++14";
				CLANG_CXX_LIBRARY = "libc++";
				CLANG_ENABLE_MODULES = YES;
				CLANG_ENABLE_OBJC_ARC = YES;
				CLANG_ENABLE_OBJC_WEAK = YES;
				CLANG_WARN_BLOCK_CAPTURE_AUTORELEASING = YES;
				CLANG_WARN_BOOL_CONVERSION = YES;
				CLANG_WARN_COMMA = YES;
				CLANG_WARN_CONSTANT_CONVERSION = YES;
				CLANG_WARN_DEPRECATED_OBJC_IMPLEMENTATIONS = YES;
				CLANG_WARN_DIRECT_OBJC_ISA_USAGE = YES_ERROR;
				CLANG_WARN_DOCUMENTATION_COMMENTS = YES;
				CLANG_WARN_EMPTY_BODY = YES;
				CLANG_WARN_ENUM_CONVERSION = YES;
				CLANG_WARN_INFINITE_RECURSION = YES;
				CLANG_WARN_INT_CONVERSION = YES;
				CLANG_WARN_NON_LITERAL_NULL_CONVERSION = YES;
				CLANG_WARN_OBJC_IMPLICIT_RETAIN_SELF = YES;
				CLANG_WARN_OBJC_LITERAL_CONVERSION = YES;
				CLANG_WARN_OBJC_ROOT_CLASS = YES_ERROR;
				CLANG_WARN_RANGE_LOOP_ANALYSIS = YES;
				CLANG_WARN_STRICT_PROTOTYPES = YES;
				CLANG_WARN_SUSPICIOUS_MOVE = YES;
				CLANG_WARN_UNGUARDED_AVAILABILITY = YES_AGGRESSIVE;
				CLANG_WARN_UNREACHABLE_CODE = YES;
				CLANG_WARN__DUPLICATE_METHOD_MATCH = YES;
				CODE_SIGN_IDENTITY = "iPhone Developer";
				COPY_PHASE_STRIP = NO;
				DEBUG_INFORMATION_FORMAT = "dwarf-with-dsym";
				ENABLE_NS_ASSERTIONS = NO;
				ENABLE_STRICT_OBJC_MSGSEND = YES;
				GCC_C_LANGUAGE_STANDARD = gnu11;
				GCC_NO_COMMON_BLOCKS = YES;
				GCC_WARN_64_TO_32_BIT_CONVERSION = YES;
				GCC_WARN_ABOUT_RETURN_TYPE = YES_ERROR;
				GCC_WARN_UNDECLARED_SELECTOR = YES;
				GCC_WARN_UNINITIALIZED_AUTOS = YES_AGGRESSIVE;
				GCC_WARN_UNUSED_FUNCTION = YES;
				GCC_WARN_UNUSED_VARIABLE = YES;
				IPHONEOS_DEPLOYMENT_TARGET = 12.1;
				MTL_ENABLE_DEBUG_INFO = NO;
				MTL_FAST_MATH = YES;
				SDKROOT = iphoneos;
				SWIFT_COMPILATION_MODE = wholemodule;
				SWIFT_OPTIMIZATION_LEVEL = "-O";
				VALIDATE_PRODUCT = YES;
			};
			name = Release;
		};
		F7FBBF9A2272021500B9EEC6 /* Debug */ = {
			isa = XCBuildConfiguration;
			buildSettings = {
				ASSETCATALOG_COMPILER_APPICON_NAME = AppIcon;
				CODE_SIGN_STYLE = Automatic;
				INFOPLIST_FILE = Carrito/Info.plist;
				LD_RUNPATH_SEARCH_PATHS = (
					"$(inherited)",
					"@executable_path/Frameworks",
				);
				PRODUCT_BUNDLE_IDENTIFIER = com.antonioarellano.Carrito;
				PRODUCT_NAME = "$(TARGET_NAME)";
				SWIFT_VERSION = 4.2;
				TARGETED_DEVICE_FAMILY = "1,2";
			};
			name = Debug;
		};
		F7FBBF9B2272021500B9EEC6 /* Release */ = {
			isa = XCBuildConfiguration;
			buildSettings = {
				ASSETCATALOG_COMPILER_APPICON_NAME = AppIcon;
				CODE_SIGN_STYLE = Automatic;
				INFOPLIST_FILE = Carrito/Info.plist;
				LD_RUNPATH_SEARCH_PATHS = (
					"$(inherited)",
					"@executable_path/Frameworks",
				);
				PRODUCT_BUNDLE_IDENTIFIER = com.antonioarellano.Carrito;
				PRODUCT_NAME = "$(TARGET_NAME)";
				SWIFT_VERSION = 4.2;
				TARGETED_DEVICE_FAMILY = "1,2";
			};
			name = Release;
		};
		F7FBBF9D2272021500B9EEC6 /* Debug */ = {
			isa = XCBuildConfiguration;
			buildSettings = {
				ALWAYS_EMBED_SWIFT_STANDARD_LIBRARIES = YES;
				BUNDLE_LOADER = "$(TEST_HOST)";
				CODE_SIGN_STYLE = Automatic;
				INFOPLIST_FILE = CarritoTests/Info.plist;
				LD_RUNPATH_SEARCH_PATHS = (
					"$(inherited)",
					"@executable_path/Frameworks",
					"@loader_path/Frameworks",
				);
				PRODUCT_BUNDLE_IDENTIFIER = com.antonioarellano.CarritoTests;
				PRODUCT_NAME = "$(TARGET_NAME)";
				SWIFT_VERSION = 4.2;
				TARGETED_DEVICE_FAMILY = "1,2";
				TEST_HOST = "$(BUILT_PRODUCTS_DIR)/Carrito.app/Carrito";
			};
			name = Debug;
		};
		F7FBBF9E2272021500B9EEC6 /* Release */ = {
			isa = XCBuildConfiguration;
			buildSettings = {
				ALWAYS_EMBED_SWIFT_STANDARD_LIBRARIES = YES;
				BUNDLE_LOADER = "$(TEST_HOST)";
				CODE_SIGN_STYLE = Automatic;
				INFOPLIST_FILE = CarritoTests/Info.plist;
				LD_RUNPATH_SEARCH_PATHS = (
					"$(inherited)",
					"@executable_path/Frameworks",
					"@loader_path/Frameworks",
				);
				PRODUCT_BUNDLE_IDENTIFIER = com.antonioarellano.CarritoTests;
				PRODUCT_NAME = "$(TARGET_NAME)";
				SWIFT_VERSION = 4.2;
				TARGETED_DEVICE_FAMILY = "1,2";
				TEST_HOST = "$(BUILT_PRODUCTS_DIR)/Carrito.app/Carrito";
			};
			name = Release;
		};
		F7FBBFA02272021500B9EEC6 /* Debug */ = {
			isa = XCBuildConfiguration;
			buildSettings = {
				ALWAYS_EMBED_SWIFT_STANDARD_LIBRARIES = YES;
				CODE_SIGN_STYLE = Automatic;
				INFOPLIST_FILE = CarritoUITests/Info.plist;
				LD_RUNPATH_SEARCH_PATHS = (
					"$(inherited)",
					"@executable_path/Frameworks",
					"@loader_path/Frameworks",
				);
				PRODUCT_BUNDLE_IDENTIFIER = com.antonioarellano.CarritoUITests;
				PRODUCT_NAME = "$(TARGET_NAME)";
				SWIFT_VERSION = 4.2;
				TARGETED_DEVICE_FAMILY = "1,2";
				TEST_TARGET_NAME = Carrito;
			};
			name = Debug;
		};
		F7FBBFA12272021500B9EEC6 /* Release */ = {
			isa = XCBuildConfiguration;
			buildSettings = {
				ALWAYS_EMBED_SWIFT_STANDARD_LIBRARIES = YES;
				CODE_SIGN_STYLE = Automatic;
				INFOPLIST_FILE = CarritoUITests/Info.plist;
				LD_RUNPATH_SEARCH_PATHS = (
					"$(inherited)",
					"@executable_path/Frameworks",
					"@loader_path/Frameworks",
				);
				PRODUCT_BUNDLE_IDENTIFIER = com.antonioarellano.CarritoUITests;
				PRODUCT_NAME = "$(TARGET_NAME)";
				SWIFT_VERSION = 4.2;
				TARGETED_DEVICE_FAMILY = "1,2";
				TEST_TARGET_NAME = Carrito;
			};
			name = Release;
		};
/* End XCBuildConfiguration section */

/* Begin XCConfigurationList section */
		F7FBBF6C2272021400B9EEC6 /* Build configuration list for PBXProject "Carrito" */ = {
			isa = XCConfigurationList;
			buildConfigurations = (
				F7FBBF972272021500B9EEC6 /* Debug */,
				F7FBBF982272021500B9EEC6 /* Release */,
			);
			defaultConfigurationIsVisible = 0;
			defaultConfigurationName = Release;
		};
		F7FBBF992272021500B9EEC6 /* Build configuration list for PBXNativeTarget "Carrito" */ = {
			isa = XCConfigurationList;
			buildConfigurations = (
				F7FBBF9A2272021500B9EEC6 /* Debug */,
				F7FBBF9B2272021500B9EEC6 /* Release */,
			);
			defaultConfigurationIsVisible = 0;
			defaultConfigurationName = Release;
		};
		F7FBBF9C2272021500B9EEC6 /* Build configuration list for PBXNativeTarget "CarritoTests" */ = {
			isa = XCConfigurationList;
			buildConfigurations = (
				F7FBBF9D2272021500B9EEC6 /* Debug */,
				F7FBBF9E2272021500B9EEC6 /* Release */,
			);
			defaultConfigurationIsVisible = 0;
			defaultConfigurationName = Release;
		};
		F7FBBF9F2272021500B9EEC6 /* Build configuration list for PBXNativeTarget "CarritoUITests" */ = {
			isa = XCConfigurationList;
			buildConfigurations = (
				F7FBBFA02272021500B9EEC6 /* Debug */,
				F7FBBFA12272021500B9EEC6 /* Release */,
			);
			defaultConfigurationIsVisible = 0;
			defaultConfigurationName = Release;
		};
/* End XCConfigurationList section */
	};
	rootObject = F7FBBF692272021400B9EEC6 /* Project object */;
}
